
Microsoft Visual Studio Solution File, Format Version 12.00
# Visual Studio Version 16
VisualStudioVersion = 16.0.30413.136
MinimumVisualStudioVersion = 10.0.40219.1
Project("{FAE04EC0-301F-11D3-BF4B-00C04F79EFBC}") = "RsaEncryption", "RsaEncryption\RsaEncryption.csproj", "{75585471-65BA-4678-B7E8-7F6386904CE4}"
EndProject
Global
	GlobalSection(SolutionConfigurationPlatforms) = preSolution
		Debug|Any CPU = Debug|Any CPU
		Release|Any CPU = Release|Any CPU
	EndGlobalSection
	GlobalSection(ProjectConfigurationPlatforms) = postSolution
		{75585471-65BA-4678-B7E8-7F6386904CE4}.Debug|Any CPU.ActiveCfg = Debug|Any CPU
		{75585471-65BA-4678-B7E8-7F6386904CE4}.Debug|Any CPU.Build.0 = Debug|Any CPU
		{75585471-65BA-4678-B7E8-7F6386904CE4}.Release|Any CPU.ActiveCfg = Release|Any CPU
		{75585471-65BA-4678-B7E8-7F6386904CE4}.Release|Any CPU.Build.0 = Release|Any CPU
	EndGlobalSection
	GlobalSection(SolutionProperties) = preSolution
		HideSolutionNode = FALSE
	EndGlobalSection
	GlobalSection(ExtensibilityGlobals) = postSolution
		SolutionGuid = {D66027B2-4E53-47AB-A7CA-369772646E5A}
	EndGlobalSection
EndGlobal
